
Microsoft Visual Studio Solution File, Format Version 12.00
# Visual Studio Version 16
VisualStudioVersion = 16.0.31702.278
MinimumVisualStudioVersion = 10.0.40219.1
Project("{D954291E-2A0B-460D-934E-DC6B0785DB48}") = "App39.Shared", "App39.Shared\App39.Shared.shproj", "{6279C845-92F8-4333-AB99-3D213163593C}"
EndProject
Project("{2150E333-8FDC-42A3-9474-1A3956D46DE8}") = "Platforms", "Platforms", "{C048C736-E5C8-4C97-AC9C-0B1E40416BCB}"
EndProject
Project("{FAE04EC0-301F-11D3-BF4B-00C04F79EFBC}") = "App39.Droid", "App39.Droid\App39.Droid.csproj", "{13BCC41B-CEEA-4821-AD30-18E3BC136BE4}"
EndProject
Project("{FAE04EC0-301F-11D3-BF4B-00C04F79EFBC}") = "App39.iOS", "App39.iOS\App39.iOS.csproj", "{BCB8699F-AFFD-48D2-A119-3ED0A2A40C83}"
EndProject
Project("{FAE04EC0-301F-11D3-BF4B-00C04F79EFBC}") = "App39.UWP", "App39.UWP\App39.UWP.csproj", "{3B49A1DA-DF7B-4F03-A256-3866F7CE32BC}"
EndProject
Project("{FAE04EC0-301F-11D3-BF4B-00C04F79EFBC}") = "App39.Wasm", "App39.Wasm\App39.Wasm.csproj", "{760D14D3-7972-41B0-964A-D4C6983F5BEB}"
EndProject
Project("{FAE04EC0-301F-11D3-BF4B-00C04F79EFBC}") = "App39.macOS", "App39.macOS\App39.macOS.csproj", "{EEE1E4B9-D330-45AE-ADB1-ABEA207B7236}"
EndProject
Project("{FAE04EC0-301F-11D3-BF4B-00C04F79EFBC}") = "App39.Skia.Wpf.Host", "App39.Skia.Wpf.Host\App39.Skia.Wpf.Host.csproj", "{FA4D46CD-6AF7-42D7-A08D-BACD5DCA37B2}"
EndProject
Project("{FAE04EC0-301F-11D3-BF4B-00C04F79EFBC}") = "App39.Skia.Wpf", "App39.Skia.Wpf\App39.Skia.Wpf.csproj", "{D6733520-7FF1-4181-9125-53658A9F101B}"
EndProject
Project("{FAE04EC0-301F-11D3-BF4B-00C04F79EFBC}") = "App39.Skia.Gtk", "App39.Skia.Gtk\App39.Skia.Gtk.csproj", "{50040EEB-8AEF-4AC9-B4E1-37C5DE7DDE9A}"
EndProject
Project("{FAE04EC0-301F-11D3-BF4B-00C04F79EFBC}") = "App39.Skia.Tizen", "App39.Skia.Tizen\App39.Skia.Tizen.csproj", "{99BACB35-1E17-4FE4-B992-70398526AB00}"
EndProject
Global
	GlobalSection(SharedMSBuildProjectFiles) = preSolution
		App39.Shared\App39.Shared.projitems*{13bcc41b-ceea-4821-ad30-18e3bc136be4}*SharedItemsImports = 4
		App39.Shared\App39.Shared.projitems*{3b49a1da-df7b-4f03-a256-3866f7ce32bc}*SharedItemsImports = 4
		App39.Shared\App39.Shared.projitems*{50040eeb-8aef-4ac9-b4e1-37c5de7dde9a}*SharedItemsImports = 5
		App39.Shared\App39.Shared.projitems*{6279c845-92f8-4333-ab99-3d213163593c}*SharedItemsImports = 13
		App39.Shared\App39.Shared.projitems*{760d14d3-7972-41b0-964a-d4c6983f5beb}*SharedItemsImports = 5
		App39.Shared\App39.Shared.projitems*{99bacb35-1e17-4fe4-b992-70398526ab00}*SharedItemsImports = 5
		App39.Shared\App39.Shared.projitems*{bcb8699f-affd-48d2-a119-3ed0a2a40c83}*SharedItemsImports = 4
		App39.Shared\App39.Shared.projitems*{d6733520-7ff1-4181-9125-53658a9f101b}*SharedItemsImports = 5
		App39.Shared\App39.Shared.projitems*{eee1e4b9-d330-45ae-adb1-abea207b7236}*SharedItemsImports = 4
	EndGlobalSection
	GlobalSection(SolutionConfigurationPlatforms) = preSolution
		Ad-Hoc|Any CPU = Ad-Hoc|Any CPU
		Ad-Hoc|ARM = Ad-Hoc|ARM
		Ad-Hoc|ARM64 = Ad-Hoc|ARM64
		Ad-Hoc|iPhone = Ad-Hoc|iPhone
		Ad-Hoc|iPhoneSimulator = Ad-Hoc|iPhoneSimulator
		Ad-Hoc|x64 = Ad-Hoc|x64
		Ad-Hoc|x86 = Ad-Hoc|x86
		AppStore|Any CPU = AppStore|Any CPU
		AppStore|ARM = AppStore|ARM
		AppStore|ARM64 = AppStore|ARM64
		AppStore|iPhone = AppStore|iPhone
		AppStore|iPhoneSimulator = AppStore|iPhoneSimulator
		AppStore|x64 = AppStore|x64
		AppStore|x86 = AppStore|x86
		Debug|Any CPU = Debug|Any CPU
		Debug|ARM = Debug|ARM
		Debug|ARM64 = Debug|ARM64
		Debug|iPhone = Debug|iPhone
		Debug|iPhoneSimulator = Debug|iPhoneSimulator
		Debug|x64 = Debug|x64
		Debug|x86 = Debug|x86
		Release|Any CPU = Release|Any CPU
		Release|ARM = Release|ARM
		Release|ARM64 = Release|ARM64
		Release|iPhone = Release|iPhone
		Release|iPhoneSimulator = Release|iPhoneSimulator
		Release|x64 = Release|x64
		Release|x86 = Release|x86
	EndGlobalSection
	GlobalSection(ProjectConfigurationPlatforms) = postSolution
		{13BCC41B-CEEA-4821-AD30-18E3BC136BE4}.Ad-Hoc|Any CPU.ActiveCfg = Debug|Any CPU
		{13BCC41B-CEEA-4821-AD30-18E3BC136BE4}.Ad-Hoc|Any CPU.Build.0 = Debug|Any CPU
		{13BCC41B-CEEA-4821-AD30-18E3BC136BE4}.Ad-Hoc|Any CPU.Deploy.0 = Debug|Any CPU
		{13BCC41B-CEEA-4821-AD30-18E3BC136BE4}.Ad-Hoc|ARM.ActiveCfg = Debug|Any CPU
		{13BCC41B-CEEA-4821-AD30-18E3BC136BE4}.Ad-Hoc|ARM.Build.0 = Debug|Any CPU
		{13BCC41B-CEEA-4821-AD30-18E3BC136BE4}.Ad-Hoc|ARM.Deploy.0 = Debug|Any CPU
		{13BCC41B-CEEA-4821-AD30-18E3BC136BE4}.Ad-Hoc|ARM64.ActiveCfg = Debug|Any CPU
		{13BCC41B-CEEA-4821-AD30-18E3BC136BE4}.Ad-Hoc|ARM64.Build.0 = Debug|Any CPU
		{13BCC41B-CEEA-4821-AD30-18E3BC136BE4}.Ad-Hoc|ARM64.Deploy.0 = Debug|Any CPU
		{13BCC41B-CEEA-4821-AD30-18E3BC136BE4}.Ad-Hoc|iPhone.ActiveCfg = Debug|Any CPU
		{13BCC41B-CEEA-4821-AD30-18E3BC136BE4}.Ad-Hoc|iPhone.Build.0 = Debug|Any CPU
		{13BCC41B-CEEA-4821-AD30-18E3BC136BE4}.Ad-Hoc|iPhone.Deploy.0 = Debug|Any CPU
		{13BCC41B-CEEA-4821-AD30-18E3BC136BE4}.Ad-Hoc|iPhoneSimulator.ActiveCfg = Debug|Any CPU
		{13BCC41B-CEEA-4821-AD30-18E3BC136BE4}.Ad-Hoc|iPhoneSimulator.Build.0 = Debug|Any CPU
		{13BCC41B-CEEA-4821-AD30-18E3BC136BE4}.Ad-Hoc|iPhoneSimulator.Deploy.0 = Debug|Any CPU
		{13BCC41B-CEEA-4821-AD30-18E3BC136BE4}.Ad-Hoc|x64.ActiveCfg = Debug|Any CPU
		{13BCC41B-CEEA-4821-AD30-18E3BC136BE4}.Ad-Hoc|x64.Build.0 = Debug|Any CPU
		{13BCC41B-CEEA-4821-AD30-18E3BC136BE4}.Ad-Hoc|x64.Deploy.0 = Debug|Any CPU
		{13BCC41B-CEEA-4821-AD30-18E3BC136BE4}.Ad-Hoc|x86.ActiveCfg = Debug|Any CPU
		{13BCC41B-CEEA-4821-AD30-18E3BC136BE4}.Ad-Hoc|x86.Build.0 = Debug|Any CPU
		{13BCC41B-CEEA-4821-AD30-18E3BC136BE4}.Ad-Hoc|x86.Deploy.0 = Debug|Any CPU
		{13BCC41B-CEEA-4821-AD30-18E3BC136BE4}.AppStore|Any CPU.ActiveCfg = Debug|Any CPU
		{13BCC41B-CEEA-4821-AD30-18E3BC136BE4}.AppStore|Any CPU.Build.0 = Debug|Any CPU
		{13BCC41B-CEEA-4821-AD30-18E3BC136BE4}.AppStore|Any CPU.Deploy.0 = Debug|Any CPU
		{13BCC41B-CEEA-4821-AD30-18E3BC136BE4}.AppStore|ARM.ActiveCfg = Debug|Any CPU
		{13BCC41B-CEEA-4821-AD30-18E3BC136BE4}.AppStore|ARM.Build.0 = Debug|Any CPU
		{13BCC41B-CEEA-4821-AD30-18E3BC136BE4}.AppStore|ARM.Deploy.0 = Debug|Any CPU
		{13BCC41B-CEEA-4821-AD30-18E3BC136BE4}.AppStore|ARM64.ActiveCfg = Debug|Any CPU
		{13BCC41B-CEEA-4821-AD30-18E3BC136BE4}.AppStore|ARM64.Build.0 = Debug|Any CPU
		{13BCC41B-CEEA-4821-AD30-18E3BC136BE4}.AppStore|ARM64.Deploy.0 = Debug|Any CPU
		{13BCC41B-CEEA-4821-AD30-18E3BC136BE4}.AppStore|iPhone.ActiveCfg = Debug|Any CPU
		{13BCC41B-CEEA-4821-AD30-18E3BC136BE4}.AppStore|iPhone.Build.0 = Debug|Any CPU
		{13BCC41B-CEEA-4821-AD30-18E3BC136BE4}.AppStore|iPhone.Deploy.0 = Debug|Any CPU
		{13BCC41B-CEEA-4821-AD30-18E3BC136BE4}.AppStore|iPhoneSimulator.ActiveCfg = Debug|Any CPU
		{13BCC41B-CEEA-4821-AD30-18E3BC136BE4}.AppStore|iPhoneSimulator.Build.0 = Debug|Any CPU
		{13BCC41B-CEEA-4821-AD30-18E3BC136BE4}.AppStore|iPhoneSimulator.Deploy.0 = Debug|Any CPU
		{13BCC41B-CEEA-4821-AD30-18E3BC136BE4}.AppStore|x64.ActiveCfg = Debug|Any CPU
		{13BCC41B-CEEA-4821-AD30-18E3BC136BE4}.AppStore|x64.Build.0 = Debug|Any CPU
		{13BCC41B-CEEA-4821-AD30-18E3BC136BE4}.AppStore|x64.Deploy.0 = Debug|Any CPU
		{13BCC41B-CEEA-4821-AD30-18E3BC136BE4}.AppStore|x86.ActiveCfg = Debug|Any CPU
		{13BCC41B-CEEA-4821-AD30-18E3BC136BE4}.AppStore|x86.Build.0 = Debug|Any CPU
		{13BCC41B-CEEA-4821-AD30-18E3BC136BE4}.AppStore|x86.Deploy.0 = Debug|Any CPU
		{13BCC41B-CEEA-4821-AD30-18E3BC136BE4}.Debug|Any CPU.ActiveCfg = Debug|Any CPU
		{13BCC41B-CEEA-4821-AD30-18E3BC136BE4}.Debug|Any CPU.Build.0 = Debug|Any CPU
		{13BCC41B-CEEA-4821-AD30-18E3BC136BE4}.Debug|Any CPU.Deploy.0 = Debug|Any CPU
		{13BCC41B-CEEA-4821-AD30-18E3BC136BE4}.Debug|ARM.ActiveCfg = Debug|Any CPU
		{13BCC41B-CEEA-4821-AD30-18E3BC136BE4}.Debug|ARM.Build.0 = Debug|Any CPU
		{13BCC41B-CEEA-4821-AD30-18E3BC136BE4}.Debug|ARM.Deploy.0 = Debug|Any CPU
		{13BCC41B-CEEA-4821-AD30-18E3BC136BE4}.Debug|ARM64.ActiveCfg = Debug|Any CPU
		{13BCC41B-CEEA-4821-AD30-18E3BC136BE4}.Debug|ARM64.Build.0 = Debug|Any CPU
		{13BCC41B-CEEA-4821-AD30-18E3BC136BE4}.Debug|ARM64.Deploy.0 = Debug|Any CPU
		{13BCC41B-CEEA-4821-AD30-18E3BC136BE4}.Debug|iPhone.ActiveCfg = Debug|Any CPU
		{13BCC41B-CEEA-4821-AD30-18E3BC136BE4}.Debug|iPhone.Build.0 = Debug|Any CPU
		{13BCC41B-CEEA-4821-AD30-18E3BC136BE4}.Debug|iPhone.Deploy.0 = Debug|Any CPU
		{13BCC41B-CEEA-4821-AD30-18E3BC136BE4}.Debug|iPhoneSimulator.ActiveCfg = Debug|Any CPU
		{13BCC41B-CEEA-4821-AD30-18E3BC136BE4}.Debug|iPhoneSimulator.Build.0 = Debug|Any CPU
		{13BCC41B-CEEA-4821-AD30-18E3BC136BE4}.Debug|iPhoneSimulator.Deploy.0 = Debug|Any CPU
		{13BCC41B-CEEA-4821-AD30-18E3BC136BE4}.Debug|x64.ActiveCfg = Debug|Any CPU
		{13BCC41B-CEEA-4821-AD30-18E3BC136BE4}.Debug|x64.Build.0 = Debug|Any CPU
		{13BCC41B-CEEA-4821-AD30-18E3BC136BE4}.Debug|x64.Deploy.0 = Debug|Any CPU
		{13BCC41B-CEEA-4821-AD30-18E3BC136BE4}.Debug|x86.ActiveCfg = Debug|Any CPU
		{13BCC41B-CEEA-4821-AD30-18E3BC136BE4}.Debug|x86.Build.0 = Debug|Any CPU
		{13BCC41B-CEEA-4821-AD30-18E3BC136BE4}.Debug|x86.Deploy.0 = Debug|Any CPU
		{13BCC41B-CEEA-4821-AD30-18E3BC136BE4}.Release|Any CPU.ActiveCfg = Release|Any CPU
		{13BCC41B-CEEA-4821-AD30-18E3BC136BE4}.Release|Any CPU.Build.0 = Release|Any CPU
		{13BCC41B-CEEA-4821-AD30-18E3BC136BE4}.Release|Any CPU.Deploy.0 = Release|Any CPU
		{13BCC41B-CEEA-4821-AD30-18E3BC136BE4}.Release|ARM.ActiveCfg = Release|Any CPU
		{13BCC41B-CEEA-4821-AD30-18E3BC136BE4}.Release|ARM.Build.0 = Release|Any CPU
		{13BCC41B-CEEA-4821-AD30-18E3BC136BE4}.Release|ARM.Deploy.0 = Release|Any CPU
		{13BCC41B-CEEA-4821-AD30-18E3BC136BE4}.Release|ARM64.ActiveCfg = Release|Any CPU
		{13BCC41B-CEEA-4821-AD30-18E3BC136BE4}.Release|ARM64.Build.0 = Release|Any CPU
		{13BCC41B-CEEA-4821-AD30-18E3BC136BE4}.Release|ARM64.Deploy.0 = Release|Any CPU
		{13BCC41B-CEEA-4821-AD30-18E3BC136BE4}.Release|iPhone.ActiveCfg = Release|Any CPU
		{13BCC41B-CEEA-4821-AD30-18E3BC136BE4}.Release|iPhone.Build.0 = Release|Any CPU
		{13BCC41B-CEEA-4821-AD30-18E3BC136BE4}.Release|iPhone.Deploy.0 = Release|Any CPU
		{13BCC41B-CEEA-4821-AD30-18E3BC136BE4}.Release|iPhoneSimulator.ActiveCfg = Release|Any CPU
		{13BCC41B-CEEA-4821-AD30-18E3BC136BE4}.Release|iPhoneSimulator.Build.0 = Release|Any CPU
		{13BCC41B-CEEA-4821-AD30-18E3BC136BE4}.Release|iPhoneSimulator.Deploy.0 = Release|Any CPU
		{13BCC41B-CEEA-4821-AD30-18E3BC136BE4}.Release|x64.ActiveCfg = Release|Any CPU
		{13BCC41B-CEEA-4821-AD30-18E3BC136BE4}.Release|x64.Build.0 = Release|Any CPU
		{13BCC41B-CEEA-4821-AD30-18E3BC136BE4}.Release|x64.Deploy.0 = Release|Any CPU
		{13BCC41B-CEEA-4821-AD30-18E3BC136BE4}.Release|x86.ActiveCfg = Release|Any CPU
		{13BCC41B-CEEA-4821-AD30-18E3BC136BE4}.Release|x86.Build.0 = Release|Any CPU
		{13BCC41B-CEEA-4821-AD30-18E3BC136BE4}.Release|x86.Deploy.0 = Release|Any CPU
		{BCB8699F-AFFD-48D2-A119-3ED0A2A40C83}.Ad-Hoc|Any CPU.ActiveCfg = Ad-Hoc|iPhoneSimulator
		{BCB8699F-AFFD-48D2-A119-3ED0A2A40C83}.Ad-Hoc|ARM.ActiveCfg = Ad-Hoc|iPhoneSimulator
		{BCB8699F-AFFD-48D2-A119-3ED0A2A40C83}.Ad-Hoc|ARM64.ActiveCfg = Ad-Hoc|iPhoneSimulator
		{BCB8699F-AFFD-48D2-A119-3ED0A2A40C83}.Ad-Hoc|iPhone.ActiveCfg = Ad-Hoc|iPhone
		{BCB8699F-AFFD-48D2-A119-3ED0A2A40C83}.Ad-Hoc|iPhone.Build.0 = Ad-Hoc|iPhone
		{BCB8699F-AFFD-48D2-A119-3ED0A2A40C83}.Ad-Hoc|iPhoneSimulator.ActiveCfg = Ad-Hoc|iPhoneSimulator
		{BCB8699F-AFFD-48D2-A119-3ED0A2A40C83}.Ad-Hoc|iPhoneSimulator.Build.0 = Ad-Hoc|iPhoneSimulator
		{BCB8699F-AFFD-48D2-A119-3ED0A2A40C83}.Ad-Hoc|x64.ActiveCfg = Ad-Hoc|iPhoneSimulator
		{BCB8699F-AFFD-48D2-A119-3ED0A2A40C83}.Ad-Hoc|x86.ActiveCfg = Ad-Hoc|iPhoneSimulator
		{BCB8699F-AFFD-48D2-A119-3ED0A2A40C83}.AppStore|Any CPU.ActiveCfg = AppStore|iPhoneSimulator
		{BCB8699F-AFFD-48D2-A119-3ED0A2A40C83}.AppStore|ARM.ActiveCfg = AppStore|iPhoneSimulator
		{BCB8699F-AFFD-48D2-A119-3ED0A2A40C83}.AppStore|ARM64.ActiveCfg = AppStore|iPhoneSimulator
		{BCB8699F-AFFD-48D2-A119-3ED0A2A40C83}.AppStore|iPhone.ActiveCfg = AppStore|iPhone
		{BCB8699F-AFFD-48D2-A119-3ED0A2A40C83}.AppStore|iPhone.Build.0 = AppStore|iPhone
		{BCB8699F-AFFD-48D2-A119-3ED0A2A40C83}.AppStore|iPhoneSimulator.ActiveCfg = AppStore|iPhoneSimulator
		{BCB8699F-AFFD-48D2-A119-3ED0A2A40C83}.AppStore|iPhoneSimulator.Build.0 = AppStore|iPhoneSimulator
		{BCB8699F-AFFD-48D2-A119-3ED0A2A40C83}.AppStore|x64.ActiveCfg = AppStore|iPhoneSimulator
		{BCB8699F-AFFD-48D2-A119-3ED0A2A40C83}.AppStore|x86.ActiveCfg = AppStore|iPhoneSimulator
		{BCB8699F-AFFD-48D2-A119-3ED0A2A40C83}.Debug|Any CPU.ActiveCfg = Debug|iPhoneSimulator
		{BCB8699F-AFFD-48D2-A119-3ED0A2A40C83}.Debug|ARM.ActiveCfg = Debug|iPhoneSimulator
		{BCB8699F-AFFD-48D2-A119-3ED0A2A40C83}.Debug|ARM64.ActiveCfg = Debug|iPhoneSimulator
		{BCB8699F-AFFD-48D2-A119-3ED0A2A40C83}.Debug|iPhone.ActiveCfg = Debug|iPhone
		{BCB8699F-AFFD-48D2-A119-3ED0A2A40C83}.Debug|iPhone.Build.0 = Debug|iPhone
		{BCB8699F-AFFD-48D2-A119-3ED0A2A40C83}.Debug|iPhoneSimulator.ActiveCfg = Debug|iPhoneSimulator
		{BCB8699F-AFFD-48D2-A119-3ED0A2A40C83}.Debug|iPhoneSimulator.Build.0 = Debug|iPhoneSimulator
		{BCB8699F-AFFD-48D2-A119-3ED0A2A40C83}.Debug|x64.ActiveCfg = Debug|iPhoneSimulator
		{BCB8699F-AFFD-48D2-A119-3ED0A2A40C83}.Debug|x86.ActiveCfg = Debug|iPhoneSimulator
		{BCB8699F-AFFD-48D2-A119-3ED0A2A40C83}.Release|Any CPU.ActiveCfg = Release|iPhoneSimulator
		{BCB8699F-AFFD-48D2-A119-3ED0A2A40C83}.Release|ARM.ActiveCfg = Release|iPhoneSimulator
		{BCB8699F-AFFD-48D2-A119-3ED0A2A40C83}.Release|ARM64.ActiveCfg = Release|iPhoneSimulator
		{BCB8699F-AFFD-48D2-A119-3ED0A2A40C83}.Release|iPhone.ActiveCfg = Release|iPhone
		{BCB8699F-AFFD-48D2-A119-3ED0A2A40C83}.Release|iPhone.Build.0 = Release|iPhone
		{BCB8699F-AFFD-48D2-A119-3ED0A2A40C83}.Release|iPhoneSimulator.ActiveCfg = Release|iPhoneSimulator
		{BCB8699F-AFFD-48D2-A119-3ED0A2A40C83}.Release|iPhoneSimulator.Build.0 = Release|iPhoneSimulator
		{BCB8699F-AFFD-48D2-A119-3ED0A2A40C83}.Release|x64.ActiveCfg = Release|iPhoneSimulator
		{BCB8699F-AFFD-48D2-A119-3ED0A2A40C83}.Release|x86.ActiveCfg = Release|iPhoneSimulator
		{3B49A1DA-DF7B-4F03-A256-3866F7CE32BC}.Ad-Hoc|Any CPU.ActiveCfg = Debug|x86
		{3B49A1DA-DF7B-4F03-A256-3866F7CE32BC}.Ad-Hoc|Any CPU.Build.0 = Debug|x86
		{3B49A1DA-DF7B-4F03-A256-3866F7CE32BC}.Ad-Hoc|Any CPU.Deploy.0 = Debug|x86
		{3B49A1DA-DF7B-4F03-A256-3866F7CE32BC}.Ad-Hoc|ARM.ActiveCfg = Debug|ARM
		{3B49A1DA-DF7B-4F03-A256-3866F7CE32BC}.Ad-Hoc|ARM.Build.0 = Debug|ARM
		{3B49A1DA-DF7B-4F03-A256-3866F7CE32BC}.Ad-Hoc|ARM.Deploy.0 = Debug|ARM
		{3B49A1DA-DF7B-4F03-A256-3866F7CE32BC}.Ad-Hoc|ARM64.ActiveCfg = Debug|ARM64
		{3B49A1DA-DF7B-4F03-A256-3866F7CE32BC}.Ad-Hoc|ARM64.Build.0 = Debug|ARM64
		{3B49A1DA-DF7B-4F03-A256-3866F7CE32BC}.Ad-Hoc|ARM64.Deploy.0 = Debug|ARM64
		{3B49A1DA-DF7B-4F03-A256-3866F7CE32BC}.Ad-Hoc|iPhone.ActiveCfg = Debug|x86
		{3B49A1DA-DF7B-4F03-A256-3866F7CE32BC}.Ad-Hoc|iPhone.Build.0 = Debug|x86
		{3B49A1DA-DF7B-4F03-A256-3866F7CE32BC}.Ad-Hoc|iPhone.Deploy.0 = Debug|x86
		{3B49A1DA-DF7B-4F03-A256-3866F7CE32BC}.Ad-Hoc|iPhoneSimulator.ActiveCfg = Debug|x86
		{3B49A1DA-DF7B-4F03-A256-3866F7CE32BC}.Ad-Hoc|iPhoneSimulator.Build.0 = Debug|x86
		{3B49A1DA-DF7B-4F03-A256-3866F7CE32BC}.Ad-Hoc|iPhoneSimulator.Deploy.0 = Debug|x86
		{3B49A1DA-DF7B-4F03-A256-3866F7CE32BC}.Ad-Hoc|x64.ActiveCfg = Debug|x64
		{3B49A1DA-DF7B-4F03-A256-3866F7CE32BC}.Ad-Hoc|x64.Build.0 = Debug|x64
		{3B49A1DA-DF7B-4F03-A256-3866F7CE32BC}.Ad-Hoc|x64.Deploy.0 = Debug|x64
		{3B49A1DA-DF7B-4F03-A256-3866F7CE32BC}.Ad-Hoc|x86.ActiveCfg = Debug|x86
		{3B49A1DA-DF7B-4F03-A256-3866F7CE32BC}.Ad-Hoc|x86.Build.0 = Debug|x86
		{3B49A1DA-DF7B-4F03-A256-3866F7CE32BC}.Ad-Hoc|x86.Deploy.0 = Debug|x86
		{3B49A1DA-DF7B-4F03-A256-3866F7CE32BC}.AppStore|Any CPU.ActiveCfg = Debug|x86
		{3B49A1DA-DF7B-4F03-A256-3866F7CE32BC}.AppStore|Any CPU.Build.0 = Debug|x86
		{3B49A1DA-DF7B-4F03-A256-3866F7CE32BC}.AppStore|Any CPU.Deploy.0 = Debug|x86
		{3B49A1DA-DF7B-4F03-A256-3866F7CE32BC}.AppStore|ARM.ActiveCfg = Debug|ARM
		{3B49A1DA-DF7B-4F03-A256-3866F7CE32BC}.AppStore|ARM.Build.0 = Debug|ARM
		{3B49A1DA-DF7B-4F03-A256-3866F7CE32BC}.AppStore|ARM.Deploy.0 = Debug|ARM
		{3B49A1DA-DF7B-4F03-A256-3866F7CE32BC}.AppStore|ARM64.ActiveCfg = Debug|ARM64
		{3B49A1DA-DF7B-4F03-A256-3866F7CE32BC}.AppStore|ARM64.Build.0 = Debug|ARM64
		{3B49A1DA-DF7B-4F03-A256-3866F7CE32BC}.AppStore|ARM64.Deploy.0 = Debug|ARM64
		{3B49A1DA-DF7B-4F03-A256-3866F7CE32BC}.AppStore|iPhone.ActiveCfg = Debug|x86
		{3B49A1DA-DF7B-4F03-A256-3866F7CE32BC}.AppStore|iPhone.Build.0 = Debug|x86
		{3B49A1DA-DF7B-4F03-A256-3866F7CE32BC}.AppStore|iPhone.Deploy.0 = Debug|x86
		{3B49A1DA-DF7B-4F03-A256-3866F7CE32BC}.AppStore|iPhoneSimulator.ActiveCfg = Debug|x86
		{3B49A1DA-DF7B-4F03-A256-3866F7CE32BC}.AppStore|iPhoneSimulator.Build.0 = Debug|x86
		{3B49A1DA-DF7B-4F03-A256-3866F7CE32BC}.AppStore|iPhoneSimulator.Deploy.0 = Debug|x86
		{3B49A1DA-DF7B-4F03-A256-3866F7CE32BC}.AppStore|x64.ActiveCfg = Debug|x64
		{3B49A1DA-DF7B-4F03-A256-3866F7CE32BC}.AppStore|x64.Build.0 = Debug|x64
		{3B49A1DA-DF7B-4F03-A256-3866F7CE32BC}.AppStore|x64.Deploy.0 = Debug|x64
		{3B49A1DA-DF7B-4F03-A256-3866F7CE32BC}.AppStore|x86.ActiveCfg = Debug|x86
		{3B49A1DA-DF7B-4F03-A256-3866F7CE32BC}.AppStore|x86.Build.0 = Debug|x86
		{3B49A1DA-DF7B-4F03-A256-3866F7CE32BC}.AppStore|x86.Deploy.0 = Debug|x86
		{3B49A1DA-DF7B-4F03-A256-3866F7CE32BC}.Debug|Any CPU.ActiveCfg = Debug|x86
		{3B49A1DA-DF7B-4F03-A256-3866F7CE32BC}.Debug|Any CPU.Build.0 = Debug|x86
		{3B49A1DA-DF7B-4F03-A256-3866F7CE32BC}.Debug|Any CPU.Deploy.0 = Debug|x86
		{3B49A1DA-DF7B-4F03-A256-3866F7CE32BC}.Debug|ARM.ActiveCfg = Debug|ARM
		{3B49A1DA-DF7B-4F03-A256-3866F7CE32BC}.Debug|ARM.Build.0 = Debug|ARM
		{3B49A1DA-DF7B-4F03-A256-3866F7CE32BC}.Debug|ARM.Deploy.0 = Debug|ARM
		{3B49A1DA-DF7B-4F03-A256-3866F7CE32BC}.Debug|ARM64.ActiveCfg = Debug|ARM64
		{3B49A1DA-DF7B-4F03-A256-3866F7CE32BC}.Debug|ARM64.Build.0 = Debug|ARM64
		{3B49A1DA-DF7B-4F03-A256-3866F7CE32BC}.Debug|ARM64.Deploy.0 = Debug|ARM64
		{3B49A1DA-DF7B-4F03-A256-3866F7CE32BC}.Debug|iPhone.ActiveCfg = Debug|x86
		{3B49A1DA-DF7B-4F03-A256-3866F7CE32BC}.Debug|iPhoneSimulator.ActiveCfg = Debug|x86
		{3B49A1DA-DF7B-4F03-A256-3866F7CE32BC}.Debug|x64.ActiveCfg = Debug|x64
		{3B49A1DA-DF7B-4F03-A256-3866F7CE32BC}.Debug|x64.Build.0 = Debug|x64
		{3B49A1DA-DF7B-4F03-A256-3866F7CE32BC}.Debug|x64.Deploy.0 = Debug|x64
		{3B49A1DA-DF7B-4F03-A256-3866F7CE32BC}.Debug|x86.ActiveCfg = Debug|x86
		{3B49A1DA-DF7B-4F03-A256-3866F7CE32BC}.Debug|x86.Build.0 = Debug|x86
		{3B49A1DA-DF7B-4F03-A256-3866F7CE32BC}.Debug|x86.Deploy.0 = Debug|x86
		{3B49A1DA-DF7B-4F03-A256-3866F7CE32BC}.Release|Any CPU.ActiveCfg = Release|x86
		{3B49A1DA-DF7B-4F03-A256-3866F7CE32BC}.Release|ARM.ActiveCfg = Release|ARM
		{3B49A1DA-DF7B-4F03-A256-3866F7CE32BC}.Release|ARM.Build.0 = Release|ARM
		{3B49A1DA-DF7B-4F03-A256-3866F7CE32BC}.Release|ARM.Deploy.0 = Release|ARM
		{3B49A1DA-DF7B-4F03-A256-3866F7CE32BC}.Release|ARM64.ActiveCfg = Release|ARM64
		{3B49A1DA-DF7B-4F03-A256-3866F7CE32BC}.Release|ARM64.Build.0 = Release|ARM64
		{3B49A1DA-DF7B-4F03-A256-3866F7CE32BC}.Release|ARM64.Deploy.0 = Release|ARM64
		{3B49A1DA-DF7B-4F03-A256-3866F7CE32BC}.Release|iPhone.ActiveCfg = Release|x86
		{3B49A1DA-DF7B-4F03-A256-3866F7CE32BC}.Release|iPhoneSimulator.ActiveCfg = Release|x86
		{3B49A1DA-DF7B-4F03-A256-3866F7CE32BC}.Release|x64.ActiveCfg = Release|x64
		{3B49A1DA-DF7B-4F03-A256-3866F7CE32BC}.Release|x64.Build.0 = Release|x64
		{3B49A1DA-DF7B-4F03-A256-3866F7CE32BC}.Release|x64.Deploy.0 = Release|x64
		{3B49A1DA-DF7B-4F03-A256-3866F7CE32BC}.Release|x86.ActiveCfg = Release|x86
		{3B49A1DA-DF7B-4F03-A256-3866F7CE32BC}.Release|x86.Build.0 = Release|x86
		{3B49A1DA-DF7B-4F03-A256-3866F7CE32BC}.Release|x86.Deploy.0 = Release|x86
		{760D14D3-7972-41B0-964A-D4C6983F5BEB}.Ad-Hoc|Any CPU.ActiveCfg = Debug|Any CPU
		{760D14D3-7972-41B0-964A-D4C6983F5BEB}.Ad-Hoc|Any CPU.Build.0 = Debug|Any CPU
		{760D14D3-7972-41B0-964A-D4C6983F5BEB}.Ad-Hoc|ARM.ActiveCfg = Debug|Any CPU
		{760D14D3-7972-41B0-964A-D4C6983F5BEB}.Ad-Hoc|ARM.Build.0 = Debug|Any CPU
		{760D14D3-7972-41B0-964A-D4C6983F5BEB}.Ad-Hoc|ARM64.ActiveCfg = Debug|Any CPU
		{760D14D3-7972-41B0-964A-D4C6983F5BEB}.Ad-Hoc|ARM64.Build.0 = Debug|Any CPU
		{760D14D3-7972-41B0-964A-D4C6983F5BEB}.Ad-Hoc|iPhone.ActiveCfg = Debug|Any CPU
		{760D14D3-7972-41B0-964A-D4C6983F5BEB}.Ad-Hoc|iPhone.Build.0 = Debug|Any CPU
		{760D14D3-7972-41B0-964A-D4C6983F5BEB}.Ad-Hoc|iPhoneSimulator.ActiveCfg = Debug|Any CPU
		{760D14D3-7972-41B0-964A-D4C6983F5BEB}.Ad-Hoc|iPhoneSimulator.Build.0 = Debug|Any CPU
		{760D14D3-7972-41B0-964A-D4C6983F5BEB}.Ad-Hoc|x64.ActiveCfg = Debug|Any CPU
		{760D14D3-7972-41B0-964A-D4C6983F5BEB}.Ad-Hoc|x64.Build.0 = Debug|Any CPU
		{760D14D3-7972-41B0-964A-D4C6983F5BEB}.Ad-Hoc|x86.ActiveCfg = Debug|Any CPU
		{760D14D3-7972-41B0-964A-D4C6983F5BEB}.Ad-Hoc|x86.Build.0 = Debug|Any CPU
		{760D14D3-7972-41B0-964A-D4C6983F5BEB}.AppStore|Any CPU.ActiveCfg = Debug|Any CPU
		{760D14D3-7972-41B0-964A-D4C6983F5BEB}.AppStore|Any CPU.Build.0 = Debug|Any CPU
		{760D14D3-7972-41B0-964A-D4C6983F5BEB}.AppStore|ARM.ActiveCfg = Debug|Any CPU
		{760D14D3-7972-41B0-964A-D4C6983F5BEB}.AppStore|ARM.Build.0 = Debug|Any CPU
		{760D14D3-7972-41B0-964A-D4C6983F5BEB}.AppStore|ARM64.ActiveCfg = Debug|Any CPU
		{760D14D3-7972-41B0-964A-D4C6983F5BEB}.AppStore|ARM64.Build.0 = Debug|Any CPU
		{760D14D3-7972-41B0-964A-D4C6983F5BEB}.AppStore|iPhone.ActiveCfg = Debug|Any CPU
		{760D14D3-7972-41B0-964A-D4C6983F5BEB}.AppStore|iPhone.Build.0 = Debug|Any CPU
		{760D14D3-7972-41B0-964A-D4C6983F5BEB}.AppStore|iPhoneSimulator.ActiveCfg = Debug|Any CPU
		{760D14D3-7972-41B0-964A-D4C6983F5BEB}.AppStore|iPhoneSimulator.Build.0 = Debug|Any CPU
		{760D14D3-7972-41B0-964A-D4C6983F5BEB}.AppStore|x64.ActiveCfg = Debug|Any CPU
		{760D14D3-7972-41B0-964A-D4C6983F5BEB}.AppStore|x64.Build.0 = Debug|Any CPU
		{760D14D3-7972-41B0-964A-D4C6983F5BEB}.AppStore|x86.ActiveCfg = Debug|Any CPU
		{760D14D3-7972-41B0-964A-D4C6983F5BEB}.AppStore|x86.Build.0 = Debug|Any CPU
		{760D14D3-7972-41B0-964A-D4C6983F5BEB}.Debug|Any CPU.ActiveCfg = Debug|Any CPU
		{760D14D3-7972-41B0-964A-D4C6983F5BEB}.Debug|Any CPU.Build.0 = Debug|Any CPU
		{760D14D3-7972-41B0-964A-D4C6983F5BEB}.Debug|ARM.ActiveCfg = Debug|Any CPU
		{760D14D3-7972-41B0-964A-D4C6983F5BEB}.Debug|ARM.Build.0 = Debug|Any CPU
		{760D14D3-7972-41B0-964A-D4C6983F5BEB}.Debug|ARM64.ActiveCfg = Debug|Any CPU
		{760D14D3-7972-41B0-964A-D4C6983F5BEB}.Debug|ARM64.Build.0 = Debug|Any CPU
		{760D14D3-7972-41B0-964A-D4C6983F5BEB}.Debug|iPhone.ActiveCfg = Debug|Any CPU
		{760D14D3-7972-41B0-964A-D4C6983F5BEB}.Debug|iPhone.Build.0 = Debug|Any CPU
		{760D14D3-7972-41B0-964A-D4C6983F5BEB}.Debug|iPhoneSimulator.ActiveCfg = Debug|Any CPU
		{760D14D3-7972-41B0-964A-D4C6983F5BEB}.Debug|iPhoneSimulator.Build.0 = Debug|Any CPU
		{760D14D3-7972-41B0-964A-D4C6983F5BEB}.Debug|x64.ActiveCfg = Debug|Any CPU
		{760D14D3-7972-41B0-964A-D4C6983F5BEB}.Debug|x64.Build.0 = Debug|Any CPU
		{760D14D3-7972-41B0-964A-D4C6983F5BEB}.Debug|x86.ActiveCfg = Debug|Any CPU
		{760D14D3-7972-41B0-964A-D4C6983F5BEB}.Debug|x86.Build.0 = Debug|Any CPU
		{760D14D3-7972-41B0-964A-D4C6983F5BEB}.Release|Any CPU.ActiveCfg = Release|Any CPU
		{760D14D3-7972-41B0-964A-D4C6983F5BEB}.Release|Any CPU.Build.0 = Release|Any CPU
		{760D14D3-7972-41B0-964A-D4C6983F5BEB}.Release|ARM.ActiveCfg = Release|Any CPU
		{760D14D3-7972-41B0-964A-D4C6983F5BEB}.Release|ARM.Build.0 = Release|Any CPU
		{760D14D3-7972-41B0-964A-D4C6983F5BEB}.Release|ARM64.ActiveCfg = Release|Any CPU
		{760D14D3-7972-41B0-964A-D4C6983F5BEB}.Release|ARM64.Build.0 = Release|Any CPU
		{760D14D3-7972-41B0-964A-D4C6983F5BEB}.Release|iPhone.ActiveCfg = Release|Any CPU
		{760D14D3-7972-41B0-964A-D4C6983F5BEB}.Release|iPhone.Build.0 = Release|Any CPU
		{760D14D3-7972-41B0-964A-D4C6983F5BEB}.Release|iPhoneSimulator.ActiveCfg = Release|Any CPU
		{760D14D3-7972-41B0-964A-D4C6983F5BEB}.Release|iPhoneSimulator.Build.0 = Release|Any CPU
		{760D14D3-7972-41B0-964A-D4C6983F5BEB}.Release|x64.ActiveCfg = Release|Any CPU
		{760D14D3-7972-41B0-964A-D4C6983F5BEB}.Release|x64.Build.0 = Release|Any CPU
		{760D14D3-7972-41B0-964A-D4C6983F5BEB}.Release|x86.ActiveCfg = Release|Any CPU
		{760D14D3-7972-41B0-964A-D4C6983F5BEB}.Release|x86.Build.0 = Release|Any CPU
		{EEE1E4B9-D330-45AE-ADB1-ABEA207B7236}.Ad-Hoc|Any CPU.ActiveCfg = Debug|iPhoneSimulator
		{EEE1E4B9-D330-45AE-ADB1-ABEA207B7236}.Ad-Hoc|Any CPU.Build.0 = Debug|iPhoneSimulator
		{EEE1E4B9-D330-45AE-ADB1-ABEA207B7236}.Ad-Hoc|ARM.ActiveCfg = Debug|iPhoneSimulator
		{EEE1E4B9-D330-45AE-ADB1-ABEA207B7236}.Ad-Hoc|ARM.Build.0 = Debug|iPhoneSimulator
		{EEE1E4B9-D330-45AE-ADB1-ABEA207B7236}.Ad-Hoc|ARM64.ActiveCfg = Debug|iPhoneSimulator
		{EEE1E4B9-D330-45AE-ADB1-ABEA207B7236}.Ad-Hoc|ARM64.Build.0 = Debug|iPhoneSimulator
		{EEE1E4B9-D330-45AE-ADB1-ABEA207B7236}.Ad-Hoc|iPhone.ActiveCfg = Debug|iPhoneSimulator
		{EEE1E4B9-D330-45AE-ADB1-ABEA207B7236}.Ad-Hoc|iPhone.Build.0 = Debug|iPhoneSimulator
		{EEE1E4B9-D330-45AE-ADB1-ABEA207B7236}.Ad-Hoc|iPhoneSimulator.ActiveCfg = Debug|iPhoneSimulator
		{EEE1E4B9-D330-45AE-ADB1-ABEA207B7236}.Ad-Hoc|iPhoneSimulator.Build.0 = Debug|iPhoneSimulator
		{EEE1E4B9-D330-45AE-ADB1-ABEA207B7236}.Ad-Hoc|x64.ActiveCfg = Debug|iPhoneSimulator
		{EEE1E4B9-D330-45AE-ADB1-ABEA207B7236}.Ad-Hoc|x64.Build.0 = Debug|iPhoneSimulator
		{EEE1E4B9-D330-45AE-ADB1-ABEA207B7236}.Ad-Hoc|x86.ActiveCfg = Debug|iPhoneSimulator
		{EEE1E4B9-D330-45AE-ADB1-ABEA207B7236}.Ad-Hoc|x86.Build.0 = Debug|iPhoneSimulator
		{EEE1E4B9-D330-45AE-ADB1-ABEA207B7236}.AppStore|Any CPU.ActiveCfg = Debug|iPhoneSimulator
		{EEE1E4B9-D330-45AE-ADB1-ABEA207B7236}.AppStore|Any CPU.Build.0 = Debug|iPhoneSimulator
		{EEE1E4B9-D330-45AE-ADB1-ABEA207B7236}.AppStore|ARM.ActiveCfg = Debug|iPhoneSimulator
		{EEE1E4B9-D330-45AE-ADB1-ABEA207B7236}.AppStore|ARM.Build.0 = Debug|iPhoneSimulator
		{EEE1E4B9-D330-45AE-ADB1-ABEA207B7236}.AppStore|ARM64.ActiveCfg = Debug|iPhoneSimulator
		{EEE1E4B9-D330-45AE-ADB1-ABEA207B7236}.AppStore|ARM64.Build.0 = Debug|iPhoneSimulator
		{EEE1E4B9-D330-45AE-ADB1-ABEA207B7236}.AppStore|iPhone.ActiveCfg = Debug|iPhoneSimulator
		{EEE1E4B9-D330-45AE-ADB1-ABEA207B7236}.AppStore|iPhone.Build.0 = Debug|iPhoneSimulator
		{EEE1E4B9-D330-45AE-ADB1-ABEA207B7236}.AppStore|iPhoneSimulator.ActiveCfg = Debug|iPhoneSimulator
		{EEE1E4B9-D330-45AE-ADB1-ABEA207B7236}.AppStore|iPhoneSimulator.Build.0 = Debug|iPhoneSimulator
		{EEE1E4B9-D330-45AE-ADB1-ABEA207B7236}.AppStore|x64.ActiveCfg = Debug|iPhoneSimulator
		{EEE1E4B9-D330-45AE-ADB1-ABEA207B7236}.AppStore|x64.Build.0 = Debug|iPhoneSimulator
		{EEE1E4B9-D330-45AE-ADB1-ABEA207B7236}.AppStore|x86.ActiveCfg = Debug|iPhoneSimulator
		{EEE1E4B9-D330-45AE-ADB1-ABEA207B7236}.AppStore|x86.Build.0 = Debug|iPhoneSimulator
		{EEE1E4B9-D330-45AE-ADB1-ABEA207B7236}.Debug|Any CPU.ActiveCfg = Debug|iPhoneSimulator
		{EEE1E4B9-D330-45AE-ADB1-ABEA207B7236}.Debug|ARM.ActiveCfg = Debug|iPhoneSimulator
		{EEE1E4B9-D330-45AE-ADB1-ABEA207B7236}.Debug|ARM64.ActiveCfg = Debug|iPhoneSimulator
		{EEE1E4B9-D330-45AE-ADB1-ABEA207B7236}.Debug|iPhone.ActiveCfg = Debug|iPhoneSimulator
		{EEE1E4B9-D330-45AE-ADB1-ABEA207B7236}.Debug|iPhoneSimulator.ActiveCfg = Debug|iPhoneSimulator
		{EEE1E4B9-D330-45AE-ADB1-ABEA207B7236}.Debug|iPhoneSimulator.Build.0 = Debug|iPhoneSimulator
		{EEE1E4B9-D330-45AE-ADB1-ABEA207B7236}.Debug|x64.ActiveCfg = Debug|iPhoneSimulator
		{EEE1E4B9-D330-45AE-ADB1-ABEA207B7236}.Debug|x86.ActiveCfg = Debug|iPhoneSimulator
		{EEE1E4B9-D330-45AE-ADB1-ABEA207B7236}.Release|Any CPU.ActiveCfg = Release|iPhoneSimulator
		{EEE1E4B9-D330-45AE-ADB1-ABEA207B7236}.Release|ARM.ActiveCfg = Release|iPhoneSimulator
		{EEE1E4B9-D330-45AE-ADB1-ABEA207B7236}.Release|ARM64.ActiveCfg = Release|iPhoneSimulator
		{EEE1E4B9-D330-45AE-ADB1-ABEA207B7236}.Release|iPhone.ActiveCfg = Release|iPhoneSimulator
		{EEE1E4B9-D330-45AE-ADB1-ABEA207B7236}.Release|iPhoneSimulator.ActiveCfg = Release|iPhoneSimulator
		{EEE1E4B9-D330-45AE-ADB1-ABEA207B7236}.Release|iPhoneSimulator.Build.0 = Release|iPhoneSimulator
		{EEE1E4B9-D330-45AE-ADB1-ABEA207B7236}.Release|x64.ActiveCfg = Release|iPhoneSimulator
		{EEE1E4B9-D330-45AE-ADB1-ABEA207B7236}.Release|x86.ActiveCfg = Release|iPhoneSimulator
		{FA4D46CD-6AF7-42D7-A08D-BACD5DCA37B2}.Ad-Hoc|Any CPU.ActiveCfg = Debug|Any CPU
		{FA4D46CD-6AF7-42D7-A08D-BACD5DCA37B2}.Ad-Hoc|Any CPU.Build.0 = Debug|Any CPU
		{FA4D46CD-6AF7-42D7-A08D-BACD5DCA37B2}.Ad-Hoc|ARM.ActiveCfg = Debug|Any CPU
		{FA4D46CD-6AF7-42D7-A08D-BACD5DCA37B2}.Ad-Hoc|ARM.Build.0 = Debug|Any CPU
		{FA4D46CD-6AF7-42D7-A08D-BACD5DCA37B2}.Ad-Hoc|ARM64.ActiveCfg = Debug|Any CPU
		{FA4D46CD-6AF7-42D7-A08D-BACD5DCA37B2}.Ad-Hoc|ARM64.Build.0 = Debug|Any CPU
		{FA4D46CD-6AF7-42D7-A08D-BACD5DCA37B2}.Ad-Hoc|iPhone.ActiveCfg = Debug|Any CPU
		{FA4D46CD-6AF7-42D7-A08D-BACD5DCA37B2}.Ad-Hoc|iPhone.Build.0 = Debug|Any CPU
		{FA4D46CD-6AF7-42D7-A08D-BACD5DCA37B2}.Ad-Hoc|iPhoneSimulator.ActiveCfg = Debug|Any CPU
		{FA4D46CD-6AF7-42D7-A08D-BACD5DCA37B2}.Ad-Hoc|iPhoneSimulator.Build.0 = Debug|Any CPU
		{FA4D46CD-6AF7-42D7-A08D-BACD5DCA37B2}.Ad-Hoc|x64.ActiveCfg = Debug|Any CPU
		{FA4D46CD-6AF7-42D7-A08D-BACD5DCA37B2}.Ad-Hoc|x64.Build.0 = Debug|Any CPU
		{FA4D46CD-6AF7-42D7-A08D-BACD5DCA37B2}.Ad-Hoc|x86.ActiveCfg = Debug|Any CPU
		{FA4D46CD-6AF7-42D7-A08D-BACD5DCA37B2}.Ad-Hoc|x86.Build.0 = Debug|Any CPU
		{FA4D46CD-6AF7-42D7-A08D-BACD5DCA37B2}.AppStore|Any CPU.ActiveCfg = Debug|Any CPU
		{FA4D46CD-6AF7-42D7-A08D-BACD5DCA37B2}.AppStore|Any CPU.Build.0 = Debug|Any CPU
		{FA4D46CD-6AF7-42D7-A08D-BACD5DCA37B2}.AppStore|ARM.ActiveCfg = Debug|Any CPU
		{FA4D46CD-6AF7-42D7-A08D-BACD5DCA37B2}.AppStore|ARM.Build.0 = Debug|Any CPU
		{FA4D46CD-6AF7-42D7-A08D-BACD5DCA37B2}.AppStore|ARM64.ActiveCfg = Debug|Any CPU
		{FA4D46CD-6AF7-42D7-A08D-BACD5DCA37B2}.AppStore|ARM64.Build.0 = Debug|Any CPU
		{FA4D46CD-6AF7-42D7-A08D-BACD5DCA37B2}.AppStore|iPhone.ActiveCfg = Debug|Any CPU
		{FA4D46CD-6AF7-42D7-A08D-BACD5DCA37B2}.AppStore|iPhone.Build.0 = Debug|Any CPU
		{FA4D46CD-6AF7-42D7-A08D-BACD5DCA37B2}.AppStore|iPhoneSimulator.ActiveCfg = Debug|Any CPU
		{FA4D46CD-6AF7-42D7-A08D-BACD5DCA37B2}.AppStore|iPhoneSimulator.Build.0 = Debug|Any CPU
		{FA4D46CD-6AF7-42D7-A08D-BACD5DCA37B2}.AppStore|x64.ActiveCfg = Debug|Any CPU
		{FA4D46CD-6AF7-42D7-A08D-BACD5DCA37B2}.AppStore|x64.Build.0 = Debug|Any CPU
		{FA4D46CD-6AF7-42D7-A08D-BACD5DCA37B2}.AppStore|x86.ActiveCfg = Debug|Any CPU
		{FA4D46CD-6AF7-42D7-A08D-BACD5DCA37B2}.AppStore|x86.Build.0 = Debug|Any CPU
		{FA4D46CD-6AF7-42D7-A08D-BACD5DCA37B2}.Debug|Any CPU.ActiveCfg = Debug|Any CPU
		{FA4D46CD-6AF7-42D7-A08D-BACD5DCA37B2}.Debug|Any CPU.Build.0 = Debug|Any CPU
		{FA4D46CD-6AF7-42D7-A08D-BACD5DCA37B2}.Debug|ARM.ActiveCfg = Debug|Any CPU
		{FA4D46CD-6AF7-42D7-A08D-BACD5DCA37B2}.Debug|ARM.Build.0 = Debug|Any CPU
		{FA4D46CD-6AF7-42D7-A08D-BACD5DCA37B2}.Debug|ARM64.ActiveCfg = Debug|Any CPU
		{FA4D46CD-6AF7-42D7-A08D-BACD5DCA37B2}.Debug|ARM64.Build.0 = Debug|Any CPU
		{FA4D46CD-6AF7-42D7-A08D-BACD5DCA37B2}.Debug|iPhone.ActiveCfg = Debug|Any CPU
		{FA4D46CD-6AF7-42D7-A08D-BACD5DCA37B2}.Debug|iPhone.Build.0 = Debug|Any CPU
		{FA4D46CD-6AF7-42D7-A08D-BACD5DCA37B2}.Debug|iPhoneSimulator.ActiveCfg = Debug|Any CPU
		{FA4D46CD-6AF7-42D7-A08D-BACD5DCA37B2}.Debug|iPhoneSimulator.Build.0 = Debug|Any CPU
		{FA4D46CD-6AF7-42D7-A08D-BACD5DCA37B2}.Debug|x64.ActiveCfg = Debug|Any CPU
		{FA4D46CD-6AF7-42D7-A08D-BACD5DCA37B2}.Debug|x64.Build.0 = Debug|Any CPU
		{FA4D46CD-6AF7-42D7-A08D-BACD5DCA37B2}.Debug|x86.ActiveCfg = Debug|Any CPU
		{FA4D46CD-6AF7-42D7-A08D-BACD5DCA37B2}.Debug|x86.Build.0 = Debug|Any CPU
		{FA4D46CD-6AF7-42D7-A08D-BACD5DCA37B2}.Release|Any CPU.ActiveCfg = Release|Any CPU
		{FA4D46CD-6AF7-42D7-A08D-BACD5DCA37B2}.Release|Any CPU.Build.0 = Release|Any CPU
		{FA4D46CD-6AF7-42D7-A08D-BACD5DCA37B2}.Release|ARM.ActiveCfg = Release|Any CPU
		{FA4D46CD-6AF7-42D7-A08D-BACD5DCA37B2}.Release|ARM.Build.0 = Release|Any CPU
		{FA4D46CD-6AF7-42D7-A08D-BACD5DCA37B2}.Release|ARM64.ActiveCfg = Release|Any CPU
		{FA4D46CD-6AF7-42D7-A08D-BACD5DCA37B2}.Release|ARM64.Build.0 = Release|Any CPU
		{FA4D46CD-6AF7-42D7-A08D-BACD5DCA37B2}.Release|iPhone.ActiveCfg = Release|Any CPU
		{FA4D46CD-6AF7-42D7-A08D-BACD5DCA37B2}.Release|iPhone.Build.0 = Release|Any CPU
		{FA4D46CD-6AF7-42D7-A08D-BACD5DCA37B2}.Release|iPhoneSimulator.ActiveCfg = Release|Any CPU
		{FA4D46CD-6AF7-42D7-A08D-BACD5DCA37B2}.Release|iPhoneSimulator.Build.0 = Release|Any CPU
		{FA4D46CD-6AF7-42D7-A08D-BACD5DCA37B2}.Release|x64.ActiveCfg = Release|Any CPU
		{FA4D46CD-6AF7-42D7-A08D-BACD5DCA37B2}.Release|x64.Build.0 = Release|Any CPU
		{FA4D46CD-6AF7-42D7-A08D-BACD5DCA37B2}.Release|x86.ActiveCfg = Release|Any CPU
		{FA4D46CD-6AF7-42D7-A08D-BACD5DCA37B2}.Release|x86.Build.0 = Release|Any CPU
		{D6733520-7FF1-4181-9125-53658A9F101B}.Ad-Hoc|Any CPU.ActiveCfg = Debug|Any CPU
		{D6733520-7FF1-4181-9125-53658A9F101B}.Ad-Hoc|Any CPU.Build.0 = Debug|Any CPU
		{D6733520-7FF1-4181-9125-53658A9F101B}.Ad-Hoc|ARM.ActiveCfg = Debug|Any CPU
		{D6733520-7FF1-4181-9125-53658A9F101B}.Ad-Hoc|ARM.Build.0 = Debug|Any CPU
		{D6733520-7FF1-4181-9125-53658A9F101B}.Ad-Hoc|ARM64.ActiveCfg = Debug|Any CPU
		{D6733520-7FF1-4181-9125-53658A9F101B}.Ad-Hoc|ARM64.Build.0 = Debug|Any CPU
		{D6733520-7FF1-4181-9125-53658A9F101B}.Ad-Hoc|iPhone.ActiveCfg = Debug|Any CPU
		{D6733520-7FF1-4181-9125-53658A9F101B}.Ad-Hoc|iPhone.Build.0 = Debug|Any CPU
		{D6733520-7FF1-4181-9125-53658A9F101B}.Ad-Hoc|iPhoneSimulator.ActiveCfg = Debug|Any CPU
		{D6733520-7FF1-4181-9125-53658A9F101B}.Ad-Hoc|iPhoneSimulator.Build.0 = Debug|Any CPU
		{D6733520-7FF1-4181-9125-53658A9F101B}.Ad-Hoc|x64.ActiveCfg = Debug|Any CPU
		{D6733520-7FF1-4181-9125-53658A9F101B}.Ad-Hoc|x64.Build.0 = Debug|Any CPU
		{D6733520-7FF1-4181-9125-53658A9F101B}.Ad-Hoc|x86.ActiveCfg = Debug|Any CPU
		{D6733520-7FF1-4181-9125-53658A9F101B}.Ad-Hoc|x86.Build.0 = Debug|Any CPU
		{D6733520-7FF1-4181-9125-53658A9F101B}.AppStore|Any CPU.ActiveCfg = Debug|Any CPU
		{D6733520-7FF1-4181-9125-53658A9F101B}.AppStore|Any CPU.Build.0 = Debug|Any CPU
		{D6733520-7FF1-4181-9125-53658A9F101B}.AppStore|ARM.ActiveCfg = Debug|Any CPU
		{D6733520-7FF1-4181-9125-53658A9F101B}.AppStore|ARM.Build.0 = Debug|Any CPU
		{D6733520-7FF1-4181-9125-53658A9F101B}.AppStore|ARM64.ActiveCfg = Debug|Any CPU
		{D6733520-7FF1-4181-9125-53658A9F101B}.AppStore|ARM64.Build.0 = Debug|Any CPU
		{D6733520-7FF1-4181-9125-53658A9F101B}.AppStore|iPhone.ActiveCfg = Debug|Any CPU
		{D6733520-7FF1-4181-9125-53658A9F101B}.AppStore|iPhone.Build.0 = Debug|Any CPU
		{D6733520-7FF1-4181-9125-53658A9F101B}.AppStore|iPhoneSimulator.ActiveCfg = Debug|Any CPU
		{D6733520-7FF1-4181-9125-53658A9F101B}.AppStore|iPhoneSimulator.Build.0 = Debug|Any CPU
		{D6733520-7FF1-4181-9125-53658A9F101B}.AppStore|x64.ActiveCfg = Debug|Any CPU
		{D6733520-7FF1-4181-9125-53658A9F101B}.AppStore|x64.Build.0 = Debug|Any CPU
		{D6733520-7FF1-4181-9125-53658A9F101B}.AppStore|x86.ActiveCfg = Debug|Any CPU
		{D6733520-7FF1-4181-9125-53658A9F101B}.AppStore|x86.Build.0 = Debug|Any CPU
		{D6733520-7FF1-4181-9125-53658A9F101B}.Debug|Any CPU.ActiveCfg = Debug|Any CPU
		{D6733520-7FF1-4181-9125-53658A9F101B}.Debug|Any CPU.Build.0 = Debug|Any CPU
		{D6733520-7FF1-4181-9125-53658A9F101B}.Debug|ARM.ActiveCfg = Debug|Any CPU
		{D6733520-7FF1-4181-9125-53658A9F101B}.Debug|ARM.Build.0 = Debug|Any CPU
		{D6733520-7FF1-4181-9125-53658A9F101B}.Debug|ARM64.ActiveCfg = Debug|Any CPU
		{D6733520-7FF1-4181-9125-53658A9F101B}.Debug|ARM64.Build.0 = Debug|Any CPU
		{D6733520-7FF1-4181-9125-53658A9F101B}.Debug|iPhone.ActiveCfg = Debug|Any CPU
		{D6733520-7FF1-4181-9125-53658A9F101B}.Debug|iPhone.Build.0 = Debug|Any CPU
		{D6733520-7FF1-4181-9125-53658A9F101B}.Debug|iPhoneSimulator.ActiveCfg = Debug|Any CPU
		{D6733520-7FF1-4181-9125-53658A9F101B}.Debug|iPhoneSimulator.Build.0 = Debug|Any CPU
		{D6733520-7FF1-4181-9125-53658A9F101B}.Debug|x64.ActiveCfg = Debug|Any CPU
		{D6733520-7FF1-4181-9125-53658A9F101B}.Debug|x64.Build.0 = Debug|Any CPU
		{D6733520-7FF1-4181-9125-53658A9F101B}.Debug|x86.ActiveCfg = Debug|Any CPU
		{D6733520-7FF1-4181-9125-53658A9F101B}.Debug|x86.Build.0 = Debug|Any CPU
		{D6733520-7FF1-4181-9125-53658A9F101B}.Release|Any CPU.ActiveCfg = Release|Any CPU
		{D6733520-7FF1-4181-9125-53658A9F101B}.Release|Any CPU.Build.0 = Release|Any CPU
		{D6733520-7FF1-4181-9125-53658A9F101B}.Release|ARM.ActiveCfg = Release|Any CPU
		{D6733520-7FF1-4181-9125-53658A9F101B}.Release|ARM.Build.0 = Release|Any CPU
		{D6733520-7FF1-4181-9125-53658A9F101B}.Release|ARM64.ActiveCfg = Release|Any CPU
		{D6733520-7FF1-4181-9125-53658A9F101B}.Release|ARM64.Build.0 = Release|Any CPU
		{D6733520-7FF1-4181-9125-53658A9F101B}.Release|iPhone.ActiveCfg = Release|Any CPU
		{D6733520-7FF1-4181-9125-53658A9F101B}.Release|iPhone.Build.0 = Release|Any CPU
		{D6733520-7FF1-4181-9125-53658A9F101B}.Release|iPhoneSimulator.ActiveCfg = Release|Any CPU
		{D6733520-7FF1-4181-9125-53658A9F101B}.Release|iPhoneSimulator.Build.0 = Release|Any CPU
		{D6733520-7FF1-4181-9125-53658A9F101B}.Release|x64.ActiveCfg = Release|Any CPU
		{D6733520-7FF1-4181-9125-53658A9F101B}.Release|x64.Build.0 = Release|Any CPU
		{D6733520-7FF1-4181-9125-53658A9F101B}.Release|x86.ActiveCfg = Release|Any CPU
		{D6733520-7FF1-4181-9125-53658A9F101B}.Release|x86.Build.0 = Release|Any CPU
		{50040EEB-8AEF-4AC9-B4E1-37C5DE7DDE9A}.Ad-Hoc|Any CPU.ActiveCfg = Debug|Any CPU
		{50040EEB-8AEF-4AC9-B4E1-37C5DE7DDE9A}.Ad-Hoc|Any CPU.Build.0 = Debug|Any CPU
		{50040EEB-8AEF-4AC9-B4E1-37C5DE7DDE9A}.Ad-Hoc|ARM.ActiveCfg = Debug|Any CPU
		{50040EEB-8AEF-4AC9-B4E1-37C5DE7DDE9A}.Ad-Hoc|ARM.Build.0 = Debug|Any CPU
		{50040EEB-8AEF-4AC9-B4E1-37C5DE7DDE9A}.Ad-Hoc|ARM64.ActiveCfg = Debug|Any CPU
		{50040EEB-8AEF-4AC9-B4E1-37C5DE7DDE9A}.Ad-Hoc|ARM64.Build.0 = Debug|Any CPU
		{50040EEB-8AEF-4AC9-B4E1-37C5DE7DDE9A}.Ad-Hoc|iPhone.ActiveCfg = Debug|Any CPU
		{50040EEB-8AEF-4AC9-B4E1-37C5DE7DDE9A}.Ad-Hoc|iPhone.Build.0 = Debug|Any CPU
		{50040EEB-8AEF-4AC9-B4E1-37C5DE7DDE9A}.Ad-Hoc|iPhoneSimulator.ActiveCfg = Debug|Any CPU
		{50040EEB-8AEF-4AC9-B4E1-37C5DE7DDE9A}.Ad-Hoc|iPhoneSimulator.Build.0 = Debug|Any CPU
		{50040EEB-8AEF-4AC9-B4E1-37C5DE7DDE9A}.Ad-Hoc|x64.ActiveCfg = Debug|Any CPU
		{50040EEB-8AEF-4AC9-B4E1-37C5DE7DDE9A}.Ad-Hoc|x64.Build.0 = Debug|Any CPU
		{50040EEB-8AEF-4AC9-B4E1-37C5DE7DDE9A}.Ad-Hoc|x86.ActiveCfg = Debug|Any CPU
		{50040EEB-8AEF-4AC9-B4E1-37C5DE7DDE9A}.Ad-Hoc|x86.Build.0 = Debug|Any CPU
		{50040EEB-8AEF-4AC9-B4E1-37C5DE7DDE9A}.AppStore|Any CPU.ActiveCfg = Debug|Any CPU
		{50040EEB-8AEF-4AC9-B4E1-37C5DE7DDE9A}.AppStore|Any CPU.Build.0 = Debug|Any CPU
		{50040EEB-8AEF-4AC9-B4E1-37C5DE7DDE9A}.AppStore|ARM.ActiveCfg = Debug|Any CPU
		{50040EEB-8AEF-4AC9-B4E1-37C5DE7DDE9A}.AppStore|ARM.Build.0 = Debug|Any CPU
		{50040EEB-8AEF-4AC9-B4E1-37C5DE7DDE9A}.AppStore|ARM64.ActiveCfg = Debug|Any CPU
		{50040EEB-8AEF-4AC9-B4E1-37C5DE7DDE9A}.AppStore|ARM64.Build.0 = Debug|Any CPU
		{50040EEB-8AEF-4AC9-B4E1-37C5DE7DDE9A}.AppStore|iPhone.ActiveCfg = Debug|Any CPU
		{50040EEB-8AEF-4AC9-B4E1-37C5DE7DDE9A}.AppStore|iPhone.Build.0 = Debug|Any CPU
		{50040EEB-8AEF-4AC9-B4E1-37C5DE7DDE9A}.AppStore|iPhoneSimulator.ActiveCfg = Debug|Any CPU
		{50040EEB-8AEF-4AC9-B4E1-37C5DE7DDE9A}.AppStore|iPhoneSimulator.Build.0 = Debug|Any CPU
		{50040EEB-8AEF-4AC9-B4E1-37C5DE7DDE9A}.AppStore|x64.ActiveCfg = Debug|Any CPU
		{50040EEB-8AEF-4AC9-B4E1-37C5DE7DDE9A}.AppStore|x64.Build.0 = Debug|Any CPU
		{50040EEB-8AEF-4AC9-B4E1-37C5DE7DDE9A}.AppStore|x86.ActiveCfg = Debug|Any CPU
		{50040EEB-8AEF-4AC9-B4E1-37C5DE7DDE9A}.AppStore|x86.Build.0 = Debug|Any CPU
		{50040EEB-8AEF-4AC9-B4E1-37C5DE7DDE9A}.Debug|Any CPU.ActiveCfg = Debug|Any CPU
		{50040EEB-8AEF-4AC9-B4E1-37C5DE7DDE9A}.Debug|Any CPU.Build.0 = Debug|Any CPU
		{50040EEB-8AEF-4AC9-B4E1-37C5DE7DDE9A}.Debug|ARM.ActiveCfg = Debug|Any CPU
		{50040EEB-8AEF-4AC9-B4E1-37C5DE7DDE9A}.Debug|ARM.Build.0 = Debug|Any CPU
		{50040EEB-8AEF-4AC9-B4E1-37C5DE7DDE9A}.Debug|ARM64.ActiveCfg = Debug|Any CPU
		{50040EEB-8AEF-4AC9-B4E1-37C5DE7DDE9A}.Debug|ARM64.Build.0 = Debug|Any CPU
		{50040EEB-8AEF-4AC9-B4E1-37C5DE7DDE9A}.Debug|iPhone.ActiveCfg = Debug|Any CPU
		{50040EEB-8AEF-4AC9-B4E1-37C5DE7DDE9A}.Debug|iPhone.Build.0 = Debug|Any CPU
		{50040EEB-8AEF-4AC9-B4E1-37C5DE7DDE9A}.Debug|iPhoneSimulator.ActiveCfg = Debug|Any CPU
		{50040EEB-8AEF-4AC9-B4E1-37C5DE7DDE9A}.Debug|iPhoneSimulator.Build.0 = Debug|Any CPU
		{50040EEB-8AEF-4AC9-B4E1-37C5DE7DDE9A}.Debug|x64.ActiveCfg = Debug|Any CPU
		{50040EEB-8AEF-4AC9-B4E1-37C5DE7DDE9A}.Debug|x64.Build.0 = Debug|Any CPU
		{50040EEB-8AEF-4AC9-B4E1-37C5DE7DDE9A}.Debug|x86.ActiveCfg = Debug|Any CPU
		{50040EEB-8AEF-4AC9-B4E1-37C5DE7DDE9A}.Debug|x86.Build.0 = Debug|Any CPU
		{50040EEB-8AEF-4AC9-B4E1-37C5DE7DDE9A}.Release|Any CPU.ActiveCfg = Release|Any CPU
		{50040EEB-8AEF-4AC9-B4E1-37C5DE7DDE9A}.Release|Any CPU.Build.0 = Release|Any CPU
		{50040EEB-8AEF-4AC9-B4E1-37C5DE7DDE9A}.Release|ARM.ActiveCfg = Release|Any CPU
		{50040EEB-8AEF-4AC9-B4E1-37C5DE7DDE9A}.Release|ARM.Build.0 = Release|Any CPU
		{50040EEB-8AEF-4AC9-B4E1-37C5DE7DDE9A}.Release|ARM64.ActiveCfg = Release|Any CPU
		{50040EEB-8AEF-4AC9-B4E1-37C5DE7DDE9A}.Release|ARM64.Build.0 = Release|Any CPU
		{50040EEB-8AEF-4AC9-B4E1-37C5DE7DDE9A}.Release|iPhone.ActiveCfg = Release|Any CPU
		{50040EEB-8AEF-4AC9-B4E1-37C5DE7DDE9A}.Release|iPhone.Build.0 = Release|Any CPU
		{50040EEB-8AEF-4AC9-B4E1-37C5DE7DDE9A}.Release|iPhoneSimulator.ActiveCfg = Release|Any CPU
		{50040EEB-8AEF-4AC9-B4E1-37C5DE7DDE9A}.Release|iPhoneSimulator.Build.0 = Release|Any CPU
		{50040EEB-8AEF-4AC9-B4E1-37C5DE7DDE9A}.Release|x64.ActiveCfg = Release|Any CPU
		{50040EEB-8AEF-4AC9-B4E1-37C5DE7DDE9A}.Release|x64.Build.0 = Release|Any CPU
		{50040EEB-8AEF-4AC9-B4E1-37C5DE7DDE9A}.Release|x86.ActiveCfg = Release|Any CPU
		{50040EEB-8AEF-4AC9-B4E1-37C5DE7DDE9A}.Release|x86.Build.0 = Release|Any CPU
		{99BACB35-1E17-4FE4-B992-70398526AB00}.Ad-Hoc|Any CPU.ActiveCfg = Debug|Any CPU
		{99BACB35-1E17-4FE4-B992-70398526AB00}.Ad-Hoc|Any CPU.Build.0 = Debug|Any CPU
		{99BACB35-1E17-4FE4-B992-70398526AB00}.Ad-Hoc|ARM.ActiveCfg = Debug|Any CPU
		{99BACB35-1E17-4FE4-B992-70398526AB00}.Ad-Hoc|ARM.Build.0 = Debug|Any CPU
		{99BACB35-1E17-4FE4-B992-70398526AB00}.Ad-Hoc|ARM64.ActiveCfg = Debug|Any CPU
		{99BACB35-1E17-4FE4-B992-70398526AB00}.Ad-Hoc|ARM64.Build.0 = Debug|Any CPU
		{99BACB35-1E17-4FE4-B992-70398526AB00}.Ad-Hoc|iPhone.ActiveCfg = Debug|Any CPU
		{99BACB35-1E17-4FE4-B992-70398526AB00}.Ad-Hoc|iPhone.Build.0 = Debug|Any CPU
		{99BACB35-1E17-4FE4-B992-70398526AB00}.Ad-Hoc|iPhoneSimulator.ActiveCfg = Debug|Any CPU
		{99BACB35-1E17-4FE4-B992-70398526AB00}.Ad-Hoc|iPhoneSimulator.Build.0 = Debug|Any CPU
		{99BACB35-1E17-4FE4-B992-70398526AB00}.Ad-Hoc|x64.ActiveCfg = Debug|Any CPU
		{99BACB35-1E17-4FE4-B992-70398526AB00}.Ad-Hoc|x64.Build.0 = Debug|Any CPU
		{99BACB35-1E17-4FE4-B992-70398526AB00}.Ad-Hoc|x86.ActiveCfg = Debug|Any CPU
		{99BACB35-1E17-4FE4-B992-70398526AB00}.Ad-Hoc|x86.Build.0 = Debug|Any CPU
		{99BACB35-1E17-4FE4-B992-70398526AB00}.AppStore|Any CPU.ActiveCfg = Debug|Any CPU
		{99BACB35-1E17-4FE4-B992-70398526AB00}.AppStore|Any CPU.Build.0 = Debug|Any CPU
		{99BACB35-1E17-4FE4-B992-70398526AB00}.AppStore|ARM.ActiveCfg = Debug|Any CPU
		{99BACB35-1E17-4FE4-B992-70398526AB00}.AppStore|ARM.Build.0 = Debug|Any CPU
		{99BACB35-1E17-4FE4-B992-70398526AB00}.AppStore|ARM64.ActiveCfg = Debug|Any CPU
		{99BACB35-1E17-4FE4-B992-70398526AB00}.AppStore|ARM64.Build.0 = Debug|Any CPU
		{99BACB35-1E17-4FE4-B992-70398526AB00}.AppStore|iPhone.ActiveCfg = Debug|Any CPU
		{99BACB35-1E17-4FE4-B992-70398526AB00}.AppStore|iPhone.Build.0 = Debug|Any CPU
		{99BACB35-1E17-4FE4-B992-70398526AB00}.AppStore|iPhoneSimulator.ActiveCfg = Debug|Any CPU
		{99BACB35-1E17-4FE4-B992-70398526AB00}.AppStore|iPhoneSimulator.Build.0 = Debug|Any CPU
		{99BACB35-1E17-4FE4-B992-70398526AB00}.AppStore|x64.ActiveCfg = Debug|Any CPU
		{99BACB35-1E17-4FE4-B992-70398526AB00}.AppStore|x64.Build.0 = Debug|Any CPU
		{99BACB35-1E17-4FE4-B992-70398526AB00}.AppStore|x86.ActiveCfg = Debug|Any CPU
		{99BACB35-1E17-4FE4-B992-70398526AB00}.AppStore|x86.Build.0 = Debug|Any CPU
		{99BACB35-1E17-4FE4-B992-70398526AB00}.Debug|Any CPU.ActiveCfg = Debug|Any CPU
		{99BACB35-1E17-4FE4-B992-70398526AB00}.Debug|Any CPU.Build.0 = Debug|Any CPU
		{99BACB35-1E17-4FE4-B992-70398526AB00}.Debug|ARM.ActiveCfg = Debug|Any CPU
		{99BACB35-1E17-4FE4-B992-70398526AB00}.Debug|ARM.Build.0 = Debug|Any CPU
		{99BACB35-1E17-4FE4-B992-70398526AB00}.Debug|ARM64.ActiveCfg = Debug|Any CPU
		{99BACB35-1E17-4FE4-B992-70398526AB00}.Debug|ARM64.Build.0 = Debug|Any CPU
		{99BACB35-1E17-4FE4-B992-70398526AB00}.Debug|iPhone.ActiveCfg = Debug|Any CPU
		{99BACB35-1E17-4FE4-B992-70398526AB00}.Debug|iPhone.Build.0 = Debug|Any CPU
		{99BACB35-1E17-4FE4-B992-70398526AB00}.Debug|iPhoneSimulator.ActiveCfg = Debug|Any CPU
		{99BACB35-1E17-4FE4-B992-70398526AB00}.Debug|iPhoneSimulator.Build.0 = Debug|Any CPU
		{99BACB35-1E17-4FE4-B992-70398526AB00}.Debug|x64.ActiveCfg = Debug|Any CPU
		{99BACB35-1E17-4FE4-B992-70398526AB00}.Debug|x64.Build.0 = Debug|Any CPU
		{99BACB35-1E17-4FE4-B992-70398526AB00}.Debug|x86.ActiveCfg = Debug|Any CPU
		{99BACB35-1E17-4FE4-B992-70398526AB00}.Debug|x86.Build.0 = Debug|Any CPU
		{99BACB35-1E17-4FE4-B992-70398526AB00}.Release|Any CPU.ActiveCfg = Release|Any CPU
		{99BACB35-1E17-4FE4-B992-70398526AB00}.Release|Any CPU.Build.0 = Release|Any CPU
		{99BACB35-1E17-4FE4-B992-70398526AB00}.Release|ARM.ActiveCfg = Release|Any CPU
		{99BACB35-1E17-4FE4-B992-70398526AB00}.Release|ARM.Build.0 = Release|Any CPU
		{99BACB35-1E17-4FE4-B992-70398526AB00}.Release|ARM64.ActiveCfg = Release|Any CPU
		{99BACB35-1E17-4FE4-B992-70398526AB00}.Release|ARM64.Build.0 = Release|Any CPU
		{99BACB35-1E17-4FE4-B992-70398526AB00}.Release|iPhone.ActiveCfg = Release|Any CPU
		{99BACB35-1E17-4FE4-B992-70398526AB00}.Release|iPhone.Build.0 = Release|Any CPU
		{99BACB35-1E17-4FE4-B992-70398526AB00}.Release|iPhoneSimulator.ActiveCfg = Release|Any CPU
		{99BACB35-1E17-4FE4-B992-70398526AB00}.Release|iPhoneSimulator.Build.0 = Release|Any CPU
		{99BACB35-1E17-4FE4-B992-70398526AB00}.Release|x64.ActiveCfg = Release|Any CPU
		{99BACB35-1E17-4FE4-B992-70398526AB00}.Release|x64.Build.0 = Release|Any CPU
		{99BACB35-1E17-4FE4-B992-70398526AB00}.Release|x86.ActiveCfg = Release|Any CPU
		{99BACB35-1E17-4FE4-B992-70398526AB00}.Release|x86.Build.0 = Release|Any CPU
	EndGlobalSection
	GlobalSection(SolutionProperties) = preSolution
		HideSolutionNode = FALSE
	EndGlobalSection
	GlobalSection(NestedProjects) = preSolution
		{13BCC41B-CEEA-4821-AD30-18E3BC136BE4} = {C048C736-E5C8-4C97-AC9C-0B1E40416BCB}
		{BCB8699F-AFFD-48D2-A119-3ED0A2A40C83} = {C048C736-E5C8-4C97-AC9C-0B1E40416BCB}
		{3B49A1DA-DF7B-4F03-A256-3866F7CE32BC} = {C048C736-E5C8-4C97-AC9C-0B1E40416BCB}
		{760D14D3-7972-41B0-964A-D4C6983F5BEB} = {C048C736-E5C8-4C97-AC9C-0B1E40416BCB}
		{EEE1E4B9-D330-45AE-ADB1-ABEA207B7236} = {C048C736-E5C8-4C97-AC9C-0B1E40416BCB}
		{FA4D46CD-6AF7-42D7-A08D-BACD5DCA37B2} = {C048C736-E5C8-4C97-AC9C-0B1E40416BCB}
		{D6733520-7FF1-4181-9125-53658A9F101B} = {C048C736-E5C8-4C97-AC9C-0B1E40416BCB}
		{50040EEB-8AEF-4AC9-B4E1-37C5DE7DDE9A} = {C048C736-E5C8-4C97-AC9C-0B1E40416BCB}
		{99BACB35-1E17-4FE4-B992-70398526AB00} = {C048C736-E5C8-4C97-AC9C-0B1E40416BCB}
	EndGlobalSection
	GlobalSection(ExtensibilityGlobals) = postSolution
		SolutionGuid = {6D6DABE6-F6B2-4F05-B5B9-9C5EF5416AC4}
	EndGlobalSection
EndGlobal
